
Microsoft Visual Studio Solution File, Format Version 12.00
# Visual Studio Version 16
VisualStudioVersion = 16.0.31424.327
MinimumVisualStudioVersion = 10.0.40219.1
Project("{FAE04EC0-301F-11D3-BF4B-00C04F79EFBC}") = "Semester Fall", "Semester Fall\Semester Fall.csproj", "{E650BD97-D1B9-4D67-88AD-5677D3FE2DE3}"
EndProject
Global
	GlobalSection(SolutionConfigurationPlatforms) = preSolution
		Debug|Any CPU = Debug|Any CPU
		Release|Any CPU = Release|Any CPU
	EndGlobalSection
	GlobalSection(ProjectConfigurationPlatforms) = postSolution
		{E650BD97-D1B9-4D67-88AD-5677D3FE2DE3}.Debug|Any CPU.ActiveCfg = Debug|Any CPU
		{E650BD97-D1B9-4D67-88AD-5677D3FE2DE3}.Debug|Any CPU.Build.0 = Debug|Any CPU
		{E650BD97-D1B9-4D67-88AD-5677D3FE2DE3}.Release|Any CPU.ActiveCfg = Release|Any CPU
		{E650BD97-D1B9-4D67-88AD-5677D3FE2DE3}.Release|Any CPU.Build.0 = Release|Any CPU
	EndGlobalSection
	GlobalSection(SolutionProperties) = preSolution
		HideSolutionNode = FALSE
	EndGlobalSection
	GlobalSection(ExtensibilityGlobals) = postSolution
		SolutionGuid = {62FA148D-9233-4917-8AB8-999F3DA3B3CC}
	EndGlobalSection
EndGlobal
